
Microsoft Visual Studio Solution File, Format Version 12.00
# Visual Studio 2012
Project("{2150E333-8FDC-42A3-9474-1A3956D46DE8}") = "10 Presentation", "10 Presentation", "{1F4BCBF1-CCD5-4E6C-BCA3-6C1C9CD96068}"
EndProject
Project("{2150E333-8FDC-42A3-9474-1A3956D46DE8}") = "30 Service", "30 Service", "{F0F97209-19EC-489C-A0EF-8AA7F7D32D38}"
EndProject
Project("{2150E333-8FDC-42A3-9474-1A3956D46DE8}") = "50 Business Logic", "50 Business Logic", "{69B9ED47-6FA6-44AF-B5C9-5A778CE1AFD0}"
EndProject
Project("{2150E333-8FDC-42A3-9474-1A3956D46DE8}") = "90 Common", "90 Common", "{DDCEF2A5-070A-49E7-A0B1-2806E81EC906}"
EndProject
Project("{2150E333-8FDC-42A3-9474-1A3956D46DE8}") = "70 Data Access", "70 Data Access", "{27FA4112-FAEA-4397-8F52-A5CD3E52FE22}"
EndProject
Project("{FAE04EC0-301F-11D3-BF4B-00C04F79EFBC}") = "11 Sportzly.Web", "Sportzly.Web\11 Sportzly.Web.csproj", "{BB76F6CD-48C3-4D35-9651-E64A3DB16A78}"
EndProject
Project("{FAE04EC0-301F-11D3-BF4B-00C04F79EFBC}") = "30 Sportzly.Service.HostApp", "Sportzly.Service.HostApp\30 Sportzly.Service.HostApp.csproj", "{73799D03-6236-48C0-8FA6-846F7351DA75}"
EndProject
Project("{FAE04EC0-301F-11D3-BF4B-00C04F79EFBC}") = "39 Sportzly.Service.Interfaces", "Sportzly.Service.Interfaces\39 Sportzly.Service.Interfaces.csproj", "{F5AEAA7E-D20E-41F9-AA0A-F54C32F34516}"
EndProject
Project("{FAE04EC0-301F-11D3-BF4B-00C04F79EFBC}") = "33 Sportzly.Service.Implementation", "Sportzly.Service.Implementation\33 Sportzly.Service.Implementation.csproj", "{B0B9B805-22A6-40BF-A9FC-5A8115F77258}"
EndProject
Project("{FAE04EC0-301F-11D3-BF4B-00C04F79EFBC}") = "71 Sportzly.Repository", "Sportzly.Repository\71 Sportzly.Repository.csproj", "{A9C2D217-8729-4B63-A0AA-158D1D1F620C}"
EndProject
Project("{FAE04EC0-301F-11D3-BF4B-00C04F79EFBC}") = "51 Sportzly.Business", "Sportzly.Business\51 Sportzly.Business.csproj", "{B7D60B7C-B408-4935-9B91-C568188CB2B6}"
EndProject
Project("{FAE04EC0-301F-11D3-BF4B-00C04F79EFBC}") = "15 Sportzly.ServiceClient", "Sportzly.ServiceClient\15 Sportzly.ServiceClient.csproj", "{B8041A5F-2B11-45C8-BFCD-4BFAA7302C0D}"
EndProject
Project("{FAE04EC0-301F-11D3-BF4B-00C04F79EFBC}") = "01 Sportzly.Framework", "Sportzly.Framework\01 Sportzly.Framework.csproj", "{11BFAC7A-5101-4B0A-A29F-28096B2360B5}"
EndProject
Project("{FAE04EC0-301F-11D3-BF4B-00C04F79EFBC}") = "72 Sportzly.DataAccess", "Sportzly.DataAccess\72 Sportzly.DataAccess.csproj", "{7E90D920-F752-4EA5-8EFE-39EA6A8BCAA4}"
EndProject
Project("{FAE04EC0-301F-11D3-BF4B-00C04F79EFBC}") = "02 Sportzly.BusinessEntities", "Sportzly.BusinessEntities\02 Sportzly.BusinessEntities.csproj", "{561196C4-7596-4167-836D-1CE0E816C26F}"
EndProject
Global
	GlobalSection(SolutionConfigurationPlatforms) = preSolution
		Debug|Any CPU = Debug|Any CPU
		Debug|x86 = Debug|x86
		Release|Any CPU = Release|Any CPU
		Release|x86 = Release|x86
	EndGlobalSection
	GlobalSection(ProjectConfigurationPlatforms) = postSolution
		{BB76F6CD-48C3-4D35-9651-E64A3DB16A78}.Debug|Any CPU.ActiveCfg = Debug|Any CPU
		{BB76F6CD-48C3-4D35-9651-E64A3DB16A78}.Debug|Any CPU.Build.0 = Debug|Any CPU
		{BB76F6CD-48C3-4D35-9651-E64A3DB16A78}.Debug|x86.ActiveCfg = Debug|x86
		{BB76F6CD-48C3-4D35-9651-E64A3DB16A78}.Debug|x86.Build.0 = Debug|x86
		{BB76F6CD-48C3-4D35-9651-E64A3DB16A78}.Release|Any CPU.ActiveCfg = Release|Any CPU
		{BB76F6CD-48C3-4D35-9651-E64A3DB16A78}.Release|Any CPU.Build.0 = Release|Any CPU
		{BB76F6CD-48C3-4D35-9651-E64A3DB16A78}.Release|x86.ActiveCfg = Release|x86
		{BB76F6CD-48C3-4D35-9651-E64A3DB16A78}.Release|x86.Build.0 = Release|x86
		{73799D03-6236-48C0-8FA6-846F7351DA75}.Debug|Any CPU.ActiveCfg = Debug|Any CPU
		{73799D03-6236-48C0-8FA6-846F7351DA75}.Debug|Any CPU.Build.0 = Debug|Any CPU
		{73799D03-6236-48C0-8FA6-846F7351DA75}.Debug|x86.ActiveCfg = Debug|x86
		{73799D03-6236-48C0-8FA6-846F7351DA75}.Debug|x86.Build.0 = Debug|x86
		{73799D03-6236-48C0-8FA6-846F7351DA75}.Release|Any CPU.ActiveCfg = Release|Any CPU
		{73799D03-6236-48C0-8FA6-846F7351DA75}.Release|Any CPU.Build.0 = Release|Any CPU
		{73799D03-6236-48C0-8FA6-846F7351DA75}.Release|x86.ActiveCfg = Release|x86
		{73799D03-6236-48C0-8FA6-846F7351DA75}.Release|x86.Build.0 = Release|x86
		{F5AEAA7E-D20E-41F9-AA0A-F54C32F34516}.Debug|Any CPU.ActiveCfg = Debug|Any CPU
		{F5AEAA7E-D20E-41F9-AA0A-F54C32F34516}.Debug|Any CPU.Build.0 = Debug|Any CPU
		{F5AEAA7E-D20E-41F9-AA0A-F54C32F34516}.Debug|x86.ActiveCfg = Debug|x86
		{F5AEAA7E-D20E-41F9-AA0A-F54C32F34516}.Debug|x86.Build.0 = Debug|x86
		{F5AEAA7E-D20E-41F9-AA0A-F54C32F34516}.Release|Any CPU.ActiveCfg = Release|Any CPU
		{F5AEAA7E-D20E-41F9-AA0A-F54C32F34516}.Release|Any CPU.Build.0 = Release|Any CPU
		{F5AEAA7E-D20E-41F9-AA0A-F54C32F34516}.Release|x86.ActiveCfg = Release|x86
		{F5AEAA7E-D20E-41F9-AA0A-F54C32F34516}.Release|x86.Build.0 = Release|x86
		{B0B9B805-22A6-40BF-A9FC-5A8115F77258}.Debug|Any CPU.ActiveCfg = Debug|Any CPU
		{B0B9B805-22A6-40BF-A9FC-5A8115F77258}.Debug|Any CPU.Build.0 = Debug|Any CPU
		{B0B9B805-22A6-40BF-A9FC-5A8115F77258}.Debug|x86.ActiveCfg = Debug|x86
		{B0B9B805-22A6-40BF-A9FC-5A8115F77258}.Debug|x86.Build.0 = Debug|x86
		{B0B9B805-22A6-40BF-A9FC-5A8115F77258}.Release|Any CPU.ActiveCfg = Release|Any CPU
		{B0B9B805-22A6-40BF-A9FC-5A8115F77258}.Release|Any CPU.Build.0 = Release|Any CPU
		{B0B9B805-22A6-40BF-A9FC-5A8115F77258}.Release|x86.ActiveCfg = Release|x86
		{B0B9B805-22A6-40BF-A9FC-5A8115F77258}.Release|x86.Build.0 = Release|x86
		{A9C2D217-8729-4B63-A0AA-158D1D1F620C}.Debug|Any CPU.ActiveCfg = Debug|Any CPU
		{A9C2D217-8729-4B63-A0AA-158D1D1F620C}.Debug|Any CPU.Build.0 = Debug|Any CPU
		{A9C2D217-8729-4B63-A0AA-158D1D1F620C}.Debug|x86.ActiveCfg = Debug|x86
		{A9C2D217-8729-4B63-A0AA-158D1D1F620C}.Debug|x86.Build.0 = Debug|x86
		{A9C2D217-8729-4B63-A0AA-158D1D1F620C}.Release|Any CPU.ActiveCfg = Release|Any CPU
		{A9C2D217-8729-4B63-A0AA-158D1D1F620C}.Release|Any CPU.Build.0 = Release|Any CPU
		{A9C2D217-8729-4B63-A0AA-158D1D1F620C}.Release|x86.ActiveCfg = Release|x86
		{A9C2D217-8729-4B63-A0AA-158D1D1F620C}.Release|x86.Build.0 = Release|x86
		{B7D60B7C-B408-4935-9B91-C568188CB2B6}.Debug|Any CPU.ActiveCfg = Debug|Any CPU
		{B7D60B7C-B408-4935-9B91-C568188CB2B6}.Debug|Any CPU.Build.0 = Debug|Any CPU
		{B7D60B7C-B408-4935-9B91-C568188CB2B6}.Debug|x86.ActiveCfg = Debug|x86
		{B7D60B7C-B408-4935-9B91-C568188CB2B6}.Debug|x86.Build.0 = Debug|x86
		{B7D60B7C-B408-4935-9B91-C568188CB2B6}.Release|Any CPU.ActiveCfg = Release|Any CPU
		{B7D60B7C-B408-4935-9B91-C568188CB2B6}.Release|Any CPU.Build.0 = Release|Any CPU
		{B7D60B7C-B408-4935-9B91-C568188CB2B6}.Release|x86.ActiveCfg = Release|x86
		{B7D60B7C-B408-4935-9B91-C568188CB2B6}.Release|x86.Build.0 = Release|x86
		{B8041A5F-2B11-45C8-BFCD-4BFAA7302C0D}.Debug|Any CPU.ActiveCfg = Debug|Any CPU
		{B8041A5F-2B11-45C8-BFCD-4BFAA7302C0D}.Debug|Any CPU.Build.0 = Debug|Any CPU
		{B8041A5F-2B11-45C8-BFCD-4BFAA7302C0D}.Debug|x86.ActiveCfg = Debug|x86
		{B8041A5F-2B11-45C8-BFCD-4BFAA7302C0D}.Debug|x86.Build.0 = Debug|x86
		{B8041A5F-2B11-45C8-BFCD-4BFAA7302C0D}.Release|Any CPU.ActiveCfg = Release|Any CPU
		{B8041A5F-2B11-45C8-BFCD-4BFAA7302C0D}.Release|Any CPU.Build.0 = Release|Any CPU
		{B8041A5F-2B11-45C8-BFCD-4BFAA7302C0D}.Release|x86.ActiveCfg = Release|x86
		{B8041A5F-2B11-45C8-BFCD-4BFAA7302C0D}.Release|x86.Build.0 = Release|x86
		{11BFAC7A-5101-4B0A-A29F-28096B2360B5}.Debug|Any CPU.ActiveCfg = Debug|Any CPU
		{11BFAC7A-5101-4B0A-A29F-28096B2360B5}.Debug|Any CPU.Build.0 = Debug|Any CPU
		{11BFAC7A-5101-4B0A-A29F-28096B2360B5}.Debug|x86.ActiveCfg = Debug|x86
		{11BFAC7A-5101-4B0A-A29F-28096B2360B5}.Debug|x86.Build.0 = Debug|x86
		{11BFAC7A-5101-4B0A-A29F-28096B2360B5}.Release|Any CPU.ActiveCfg = Release|Any CPU
		{11BFAC7A-5101-4B0A-A29F-28096B2360B5}.Release|Any CPU.Build.0 = Release|Any CPU
		{11BFAC7A-5101-4B0A-A29F-28096B2360B5}.Release|x86.ActiveCfg = Release|x86
		{11BFAC7A-5101-4B0A-A29F-28096B2360B5}.Release|x86.Build.0 = Release|x86
		{7E90D920-F752-4EA5-8EFE-39EA6A8BCAA4}.Debug|Any CPU.ActiveCfg = Debug|Any CPU
		{7E90D920-F752-4EA5-8EFE-39EA6A8BCAA4}.Debug|Any CPU.Build.0 = Debug|Any CPU
		{7E90D920-F752-4EA5-8EFE-39EA6A8BCAA4}.Debug|x86.ActiveCfg = Debug|x86
		{7E90D920-F752-4EA5-8EFE-39EA6A8BCAA4}.Debug|x86.Build.0 = Debug|x86
		{7E90D920-F752-4EA5-8EFE-39EA6A8BCAA4}.Release|Any CPU.ActiveCfg = Release|Any CPU
		{7E90D920-F752-4EA5-8EFE-39EA6A8BCAA4}.Release|Any CPU.Build.0 = Release|Any CPU
		{7E90D920-F752-4EA5-8EFE-39EA6A8BCAA4}.Release|x86.ActiveCfg = Release|x86
		{7E90D920-F752-4EA5-8EFE-39EA6A8BCAA4}.Release|x86.Build.0 = Release|x86
		{561196C4-7596-4167-836D-1CE0E816C26F}.Debug|Any CPU.ActiveCfg = Debug|Any CPU
		{561196C4-7596-4167-836D-1CE0E816C26F}.Debug|Any CPU.Build.0 = Debug|Any CPU
		{561196C4-7596-4167-836D-1CE0E816C26F}.Debug|x86.ActiveCfg = Debug|x86
		{561196C4-7596-4167-836D-1CE0E816C26F}.Debug|x86.Build.0 = Debug|x86
		{561196C4-7596-4167-836D-1CE0E816C26F}.Release|Any CPU.ActiveCfg = Release|Any CPU
		{561196C4-7596-4167-836D-1CE0E816C26F}.Release|Any CPU.Build.0 = Release|Any CPU
		{561196C4-7596-4167-836D-1CE0E816C26F}.Release|x86.ActiveCfg = Release|x86
		{561196C4-7596-4167-836D-1CE0E816C26F}.Release|x86.Build.0 = Release|x86
	EndGlobalSection
	GlobalSection(SolutionProperties) = preSolution
		HideSolutionNode = FALSE
	EndGlobalSection
	GlobalSection(NestedProjects) = preSolution
		{BB76F6CD-48C3-4D35-9651-E64A3DB16A78} = {1F4BCBF1-CCD5-4E6C-BCA3-6C1C9CD96068}
		{B8041A5F-2B11-45C8-BFCD-4BFAA7302C0D} = {1F4BCBF1-CCD5-4E6C-BCA3-6C1C9CD96068}
		{73799D03-6236-48C0-8FA6-846F7351DA75} = {F0F97209-19EC-489C-A0EF-8AA7F7D32D38}
		{F5AEAA7E-D20E-41F9-AA0A-F54C32F34516} = {F0F97209-19EC-489C-A0EF-8AA7F7D32D38}
		{B0B9B805-22A6-40BF-A9FC-5A8115F77258} = {F0F97209-19EC-489C-A0EF-8AA7F7D32D38}
		{B7D60B7C-B408-4935-9B91-C568188CB2B6} = {69B9ED47-6FA6-44AF-B5C9-5A778CE1AFD0}
		{11BFAC7A-5101-4B0A-A29F-28096B2360B5} = {DDCEF2A5-070A-49E7-A0B1-2806E81EC906}
		{561196C4-7596-4167-836D-1CE0E816C26F} = {DDCEF2A5-070A-49E7-A0B1-2806E81EC906}
		{A9C2D217-8729-4B63-A0AA-158D1D1F620C} = {27FA4112-FAEA-4397-8F52-A5CD3E52FE22}
		{7E90D920-F752-4EA5-8EFE-39EA6A8BCAA4} = {27FA4112-FAEA-4397-8F52-A5CD3E52FE22}
	EndGlobalSection
EndGlobal
